
Microsoft Visual Studio Solution File, Format Version 12.00
# Visual Studio Version 16
VisualStudioVersion = 16.0.29920.165
MinimumVisualStudioVersion = 10.0.40219.1
Project("{FAE04EC0-301F-11D3-BF4B-00C04F79EFBC}") = "DealFinderApi", "DealFinderApi\DealFinderApi.csproj", "{963D671E-653F-456F-A01C-64206424F03A}"
EndProject
Project("{FAE04EC0-301F-11D3-BF4B-00C04F79EFBC}") = "ApiTool", "ApiTool\ApiTool.csproj", "{6D01910B-83B9-4250-9284-D7195A45FFDB}"
EndProject
Global
	GlobalSection(SolutionConfigurationPlatforms) = preSolution
		Debug|Any CPU = Debug|Any CPU
		Release|Any CPU = Release|Any CPU
	EndGlobalSection
	GlobalSection(ProjectConfigurationPlatforms) = postSolution
		{963D671E-653F-456F-A01C-64206424F03A}.Debug|Any CPU.ActiveCfg = Debug|Any CPU
		{963D671E-653F-456F-A01C-64206424F03A}.Debug|Any CPU.Build.0 = Debug|Any CPU
		{963D671E-653F-456F-A01C-64206424F03A}.Release|Any CPU.ActiveCfg = Release|Any CPU
		{963D671E-653F-456F-A01C-64206424F03A}.Release|Any CPU.Build.0 = Release|Any CPU
		{6D01910B-83B9-4250-9284-D7195A45FFDB}.Debug|Any CPU.ActiveCfg = Debug|Any CPU
		{6D01910B-83B9-4250-9284-D7195A45FFDB}.Debug|Any CPU.Build.0 = Debug|Any CPU
		{6D01910B-83B9-4250-9284-D7195A45FFDB}.Release|Any CPU.ActiveCfg = Release|Any CPU
		{6D01910B-83B9-4250-9284-D7195A45FFDB}.Release|Any CPU.Build.0 = Release|Any CPU
	EndGlobalSection
	GlobalSection(SolutionProperties) = preSolution
		HideSolutionNode = FALSE
	EndGlobalSection
	GlobalSection(ExtensibilityGlobals) = postSolution
		SolutionGuid = {EE701A25-2A99-4009-9C2B-1C4E5CAAEFE5}
	EndGlobalSection
EndGlobal
